
Microsoft Visual Studio Solution File, Format Version 12.00
# Visual Studio Version 17
VisualStudioVersion = 17.10.34607.79
MinimumVisualStudioVersion = 10.0.40219.1
Project("{E24C65DC-7377-472B-9ABA-BC803B73C61A}") = "WCFService2", "WCFService2\", "{FA442E26-655C-429A-9B46-B5E847701F5D}"
	ProjectSection(WebsiteProperties) = preProject
		TargetFrameworkMoniker = ".NETFramework,Version%3Dv4.7.2"
		Debug.AspNetCompiler.VirtualPath = "/localhost_59415"
		Debug.AspNetCompiler.PhysicalPath = "WCFService2\"
		Debug.AspNetCompiler.TargetPath = "PrecompiledWeb\localhost_59415\"
		Debug.AspNetCompiler.Updateable = "true"
		Debug.AspNetCompiler.ForceOverwrite = "true"
		Debug.AspNetCompiler.FixedNames = "false"
		Debug.AspNetCompiler.Debug = "True"
		Release.AspNetCompiler.VirtualPath = "/localhost_59415"
		Release.AspNetCompiler.PhysicalPath = "WCFService2\"
		Release.AspNetCompiler.TargetPath = "PrecompiledWeb\localhost_59415\"
		Release.AspNetCompiler.Updateable = "true"
		Release.AspNetCompiler.ForceOverwrite = "true"
		Release.AspNetCompiler.FixedNames = "false"
		Release.AspNetCompiler.Debug = "False"
		VWDPort = "59415"
		SlnRelativePath = "WCFService2\"
		DefaultWebSiteLanguage = "Visual C#"
	EndProjectSection
EndProject
Global
	GlobalSection(SolutionConfigurationPlatforms) = preSolution
		Debug|Any CPU = Debug|Any CPU
	EndGlobalSection
	GlobalSection(ProjectConfigurationPlatforms) = postSolution
		{FA442E26-655C-429A-9B46-B5E847701F5D}.Debug|Any CPU.ActiveCfg = Debug|Any CPU
		{FA442E26-655C-429A-9B46-B5E847701F5D}.Debug|Any CPU.Build.0 = Debug|Any CPU
	EndGlobalSection
	GlobalSection(SolutionProperties) = preSolution
		HideSolutionNode = FALSE
	EndGlobalSection
	GlobalSection(ExtensibilityGlobals) = postSolution
		SolutionGuid = {0A69AA62-9CFD-4736-8186-19F3EA709B05}
	EndGlobalSection
EndGlobal
